
Microsoft Visual Studio Solution File, Format Version 12.00
# Visual Studio Version 17
VisualStudioVersion = 17.9.34701.34
MinimumVisualStudioVersion = 10.0.40219.1
Project("{8BC9CEB8-8B4A-11D0-8D11-00A0C91BC942}") = "Seminar 4 Matrice", "Seminar 4 Matrice.vcxproj", "{85AF8DF4-B910-4B6C-84C2-C94E9664C529}"
EndProject
Global
	GlobalSection(SolutionConfigurationPlatforms) = preSolution
		Debug|x64 = Debug|x64
		Debug|x86 = Debug|x86
		Release|x64 = Release|x64
		Release|x86 = Release|x86
	EndGlobalSection
	GlobalSection(ProjectConfigurationPlatforms) = postSolution
		{85AF8DF4-B910-4B6C-84C2-C94E9664C529}.Debug|x64.ActiveCfg = Debug|x64
		{85AF8DF4-B910-4B6C-84C2-C94E9664C529}.Debug|x64.Build.0 = Debug|x64
		{85AF8DF4-B910-4B6C-84C2-C94E9664C529}.Debug|x86.ActiveCfg = Debug|Win32
		{85AF8DF4-B910-4B6C-84C2-C94E9664C529}.Debug|x86.Build.0 = Debug|Win32
		{85AF8DF4-B910-4B6C-84C2-C94E9664C529}.Release|x64.ActiveCfg = Release|x64
		{85AF8DF4-B910-4B6C-84C2-C94E9664C529}.Release|x64.Build.0 = Release|x64
		{85AF8DF4-B910-4B6C-84C2-C94E9664C529}.Release|x86.ActiveCfg = Release|Win32
		{85AF8DF4-B910-4B6C-84C2-C94E9664C529}.Release|x86.Build.0 = Release|Win32
	EndGlobalSection
	GlobalSection(SolutionProperties) = preSolution
		HideSolutionNode = FALSE
	EndGlobalSection
	GlobalSection(ExtensibilityGlobals) = postSolution
		SolutionGuid = {65830181-2929-4FEA-87E2-A52E4787CFB4}
	EndGlobalSection
EndGlobal
